
Microsoft Visual Studio Solution File, Format Version 12.00
# Visual Studio Version 17
VisualStudioVersion = 17.1.32319.34
MinimumVisualStudioVersion = 10.0.40219.1
Project("{FAE04EC0-301F-11D3-BF4B-00C04F79EFBC}") = "Hipotenusa", "Hipotenusa\Hipotenusa.csproj", "{F5321716-2C0B-4742-9ED6-59A8D137D152}"
EndProject
Global
	GlobalSection(SolutionConfigurationPlatforms) = preSolution
		Debug|Any CPU = Debug|Any CPU
		Release|Any CPU = Release|Any CPU
	EndGlobalSection
	GlobalSection(ProjectConfigurationPlatforms) = postSolution
		{F5321716-2C0B-4742-9ED6-59A8D137D152}.Debug|Any CPU.ActiveCfg = Debug|Any CPU
		{F5321716-2C0B-4742-9ED6-59A8D137D152}.Debug|Any CPU.Build.0 = Debug|Any CPU
		{F5321716-2C0B-4742-9ED6-59A8D137D152}.Release|Any CPU.ActiveCfg = Release|Any CPU
		{F5321716-2C0B-4742-9ED6-59A8D137D152}.Release|Any CPU.Build.0 = Release|Any CPU
	EndGlobalSection
	GlobalSection(SolutionProperties) = preSolution
		HideSolutionNode = FALSE
	EndGlobalSection
	GlobalSection(ExtensibilityGlobals) = postSolution
		SolutionGuid = {1F0B7889-B98A-47F1-9BD5-35D609790871}
	EndGlobalSection
EndGlobal
